[[package]]
name = "parameterized"
version = "0.8.1"
description = "Parameterized testing with any Python test framework"
category = "main"
optional = false
python-versions = "*"

[package.extras]
dev = ["jinja2"]

[metadata]
lock-version = "1.1"
python-versions = "^3.9"
content-hash = "19937e4d9fd95257eed7c33d5b4c89d47acf6f920205623df69bde19d7f7c1ce"

[metadata.files]
parameterized = [
    {file = "parameterized-0.8.1-py2.py3-none-any.whl", hash = "sha256:9cbb0b69a03e8695d68b3399a8a5825200976536fe1cb79db60ed6a4c8c9efe9"},
    {file = "parameterized-0.8.1.tar.gz", hash = "sha256:41bbff37d6186430f77f900d777e5bb6a24928a1c46fb1de692f8b52b8833b5c"},
]
